PODS:
  - Flutter (1.0.0)
  - path_provider_foundation (0.0.1):
    - Flutter
    - FlutterMacOS
  - unrar_file (0.0.1):
    - Flutter
    - UnrarKit
  - UnrarKit (2.9):
    - UnrarKit/unrar-lib (= 2.9)
  - UnrarKit/unrar-lib (2.9)

DEPENDENCIES:
  - Flutter (from `Flutter`)
  - path_provider_foundation (from `.symlinks/plugins/path_provider_foundation/darwin`)
  - unrar_file (from `.symlinks/plugins/unrar_file/ios`)

SPEC REPOS:
  trunk:
    - UnrarKit

EXTERNAL SOURCES:
  Flutter:
    :path: Flutter
  path_provider_foundation:
    :path: ".symlinks/plugins/path_provider_foundation/darwin"
  unrar_file:
    :path: ".symlinks/plugins/unrar_file/ios"

SPEC CHECKSUMS:
  Flutter: e0871f40cf51350855a761d2e70bf5af5b9b5de7
  path_provider_foundation: 2b6b4c569c0fb62ec74538f866245ac84301af46
  unrar_file: ead248ffb2e777cb67f083bc1bb1fb45d4157dbd
  UnrarKit: 99e3f0222a98a212188e1a6975dcf5aa798d26dd

PODFILE CHECKSUM: c4c93c5f6502fe2754f48404d3594bf779584011

COCOAPODS: 1.16.2
